
Microsoft Visual Studio Solution File, Format Version 12.00
Project("{FAE04EC0-301F-11D3-BF4B-00C04F79EFBC}") = "MapReduce", "MapReduce\MapReduce.csproj", "{E1D1750C-0609-4EC9-89B9-6D5C507EA4A5}"
EndProject
Global
	GlobalSection(SolutionConfigurationPlatforms) = preSolution
		Debug|Any CPU = Debug|Any CPU
		Release|Any CPU = Release|Any CPU
	EndGlobalSection
	GlobalSection(ProjectConfigurationPlatforms) = postSolution
		{E1D1750C-0609-4EC9-89B9-6D5C507EA4A5}.Debug|Any CPU.ActiveCfg = Debug|Any CPU
		{E1D1750C-0609-4EC9-89B9-6D5C507EA4A5}.Debug|Any CPU.Build.0 = Debug|Any CPU
		{E1D1750C-0609-4EC9-89B9-6D5C507EA4A5}.Release|Any CPU.ActiveCfg = Release|Any CPU
		{E1D1750C-0609-4EC9-89B9-6D5C507EA4A5}.Release|Any CPU.Build.0 = Release|Any CPU
	EndGlobalSection
EndGlobal
